
Microsoft Visual Studio Solution File, Format Version 12.00
# Visual Studio 15
VisualStudioVersion = 15.0.28010.2003
MinimumVisualStudioVersion = 10.0.40219.1
Project("{9A19103F-16F7-4668-BE54-9A1E7A4F7556}") = "SpyChannel.ApiServer", "SpyChannelApiServer\SpyChannel.ApiServer.csproj", "{D96DCEBD-CA44-4F79-98C2-9956DAEFDEEF}"
EndProject
Project("{9A19103F-16F7-4668-BE54-9A1E7A4F7556}") = "SpyChannel.ApiService", "SpyChannelApiService\SpyChannel.ApiService.csproj", "{B9343E41-25AF-4337-AAAD-CD2DF21958B0}"
EndProject
Project("{9A19103F-16F7-4668-BE54-9A1E7A4F7556}") = "SpyChannel.Commons", "SpyChannelCommons\SpyChannel.Commons.csproj", "{7D3B1094-E850-4142-A44D-C579B7E96F5A}"
EndProject
Project("{9A19103F-16F7-4668-BE54-9A1E7A4F7556}") = "SpyChannel.SignalServer", "SpyChannelSignalServer\SpyChannel.SignalServer.csproj", "{27629252-FF43-49E7-A729-D8CD9938B349}"
EndProject
Project("{9A19103F-16F7-4668-BE54-9A1E7A4F7556}") = "SpyChannel.CacheService", "SpyChannelCacheService\SpyChannel.CacheService.csproj", "{4BE025FE-0314-40D3-B1E5-448F7E7D0DC9}"
EndProject
Project("{FAE04EC0-301F-11D3-BF4B-00C04F79EFBC}") = "SpyChannel.SignalService", "SpyChannel.SignalService\SpyChannel.SignalService.csproj", "{7E7ADAB6-D0AA-4BC9-B363-864DD5CCDF91}"
EndProject
Global
	GlobalSection(SolutionConfigurationPlatforms) = preSolution
		Debug|Any CPU = Debug|Any CPU
		Release|Any CPU = Release|Any CPU
	EndGlobalSection
	GlobalSection(ProjectConfigurationPlatforms) = postSolution
		{D96DCEBD-CA44-4F79-98C2-9956DAEFDEEF}.Debug|Any CPU.ActiveCfg = Debug|Any CPU
		{D96DCEBD-CA44-4F79-98C2-9956DAEFDEEF}.Debug|Any CPU.Build.0 = Debug|Any CPU
		{D96DCEBD-CA44-4F79-98C2-9956DAEFDEEF}.Release|Any CPU.ActiveCfg = Release|Any CPU
		{D96DCEBD-CA44-4F79-98C2-9956DAEFDEEF}.Release|Any CPU.Build.0 = Release|Any CPU
		{B9343E41-25AF-4337-AAAD-CD2DF21958B0}.Debug|Any CPU.ActiveCfg = Debug|Any CPU
		{B9343E41-25AF-4337-AAAD-CD2DF21958B0}.Debug|Any CPU.Build.0 = Debug|Any CPU
		{B9343E41-25AF-4337-AAAD-CD2DF21958B0}.Release|Any CPU.ActiveCfg = Release|Any CPU
		{B9343E41-25AF-4337-AAAD-CD2DF21958B0}.Release|Any CPU.Build.0 = Release|Any CPU
		{7D3B1094-E850-4142-A44D-C579B7E96F5A}.Debug|Any CPU.ActiveCfg = Debug|Any CPU
		{7D3B1094-E850-4142-A44D-C579B7E96F5A}.Debug|Any CPU.Build.0 = Debug|Any CPU
		{7D3B1094-E850-4142-A44D-C579B7E96F5A}.Release|Any CPU.ActiveCfg = Release|Any CPU
		{7D3B1094-E850-4142-A44D-C579B7E96F5A}.Release|Any CPU.Build.0 = Release|Any CPU
		{27629252-FF43-49E7-A729-D8CD9938B349}.Debug|Any CPU.ActiveCfg = Debug|Any CPU
		{27629252-FF43-49E7-A729-D8CD9938B349}.Debug|Any CPU.Build.0 = Debug|Any CPU
		{27629252-FF43-49E7-A729-D8CD9938B349}.Release|Any CPU.ActiveCfg = Release|Any CPU
		{27629252-FF43-49E7-A729-D8CD9938B349}.Release|Any CPU.Build.0 = Release|Any CPU
		{4BE025FE-0314-40D3-B1E5-448F7E7D0DC9}.Debug|Any CPU.ActiveCfg = Debug|Any CPU
		{4BE025FE-0314-40D3-B1E5-448F7E7D0DC9}.Debug|Any CPU.Build.0 = Debug|Any CPU
		{4BE025FE-0314-40D3-B1E5-448F7E7D0DC9}.Release|Any CPU.ActiveCfg = Release|Any CPU
		{4BE025FE-0314-40D3-B1E5-448F7E7D0DC9}.Release|Any CPU.Build.0 = Release|Any CPU
		{7E7ADAB6-D0AA-4BC9-B363-864DD5CCDF91}.Debug|Any CPU.ActiveCfg = Debug|Any CPU
		{7E7ADAB6-D0AA-4BC9-B363-864DD5CCDF91}.Debug|Any CPU.Build.0 = Debug|Any CPU
		{7E7ADAB6-D0AA-4BC9-B363-864DD5CCDF91}.Release|Any CPU.ActiveCfg = Release|Any CPU
		{7E7ADAB6-D0AA-4BC9-B363-864DD5CCDF91}.Release|Any CPU.Build.0 = Release|Any CPU
	EndGlobalSection
	GlobalSection(SolutionProperties) = preSolution
		HideSolutionNode = FALSE
	EndGlobalSection
	GlobalSection(ExtensibilityGlobals) = postSolution
		SolutionGuid = {BA063A13-E844-4AD3-B9C6-03D82A947938}
	EndGlobalSection
EndGlobal
